{
  "name": "air-quality-platform",
  "lockfileVersion": 3,
  "requires": true,
  "packages": {
    "": {
      "dependencies": {
        "@turf/helpers": "^7.2.0",
        "@turf/interpolate": "^7.2.0",
        "ngeohash": "^0.6.3"
      }
    },
    "node_modules/@turf/bbox": {
      "version": "7.2.0",
      "resolved": "https://registry.npmjs.org/@turf/bbox/-/bbox-7.2.0.tgz",
      "integrity": "sha512-wzHEjCXlYZiDludDbXkpBSmv8Zu6tPGLmJ1sXQ6qDwpLE1Ew3mcWqt8AaxfTP5QwDNQa3sf2vvgTEzNbPQkCiA==",
      "license": "MIT",
      "dependencies": {
        "@turf/helpers": "^7.2.0",
        "@turf/meta": "^7.2.0",
        "@types/geojson": "^7946.0.10",
        "tslib": "^2.8.1"
      },
      "funding": {
        "url": "https://opencollective.com/turf"
      }
    },
    "node_modules/@turf/boolean-disjoint": {
      "version": "7.2.0",
      "resolved": "https://registry.npmjs.org/@turf/boolean-disjoint/-/boolean-disjoint-7.2.0.tgz",
      "integrity": "sha512-xdz+pYKkLMuqkNeJ6EF/3OdAiJdiHhcHCV0ykX33NIuALKIEpKik0+NdxxNsZsivOW6keKwr61SI+gcVtHYcnQ==",
      "license": "MIT",
      "dependencies": {
        "@turf/boolean-point-in-polygon": "^7.2.0",
        "@turf/helpers": "^7.2.0",
        "@turf/line-intersect": "^7.2.0",
        "@turf/meta": "^7.2.0",
        "@turf/polygon-to-line": "^7.2.0",
        "@types/geojson": "^7946.0.10",
        "tslib": "^2.8.1"
      },
      "funding": {
        "url": "https://opencollective.com/turf"
      }
    },
    "node_modules/@turf/boolean-intersects": {
      "version": "7.2.0",
      "resolved": "https://registry.npmjs.org/@turf/boolean-intersects/-/boolean-intersects-7.2.0.tgz",
      "integrity": "sha512-GLRyLQgK3F14drkK5Qi9Mv7Z9VT1bgQUd9a3DB3DACTZWDSwfh8YZUFn/HBwRkK8dDdgNEXaavggQHcPi1k9ow==",
      "license": "MIT",
      "dependencies": {
        "@turf/boolean-disjoint": "^7.2.0",
        "@turf/helpers": "^7.2.0",
        "@turf/meta": "^7.2.0",
        "@types/geojson": "^7946.0.10",
        "tslib": "^2.8.1"
      },
      "funding": {
        "url": "https://opencollective.com/turf"
      }
    },
    "node_modules/@turf/boolean-point-in-polygon": {
      "version": "7.2.0",
      "resolved": "https://registry.npmjs.org/@turf/boolean-point-in-polygon/-/boolean-point-in-polygon-7.2.0.tgz",
      "integrity": "sha512-lvEOjxeXIp+wPXgl9kJA97dqzMfNexjqHou+XHVcfxQgolctoJiRYmcVCWGpiZ9CBf/CJha1KmD1qQoRIsjLaA==",
      "license": "MIT",
      "dependencies": {
        "@turf/helpers": "^7.2.0",
        "@turf/invariant": "^7.2.0",
        "@types/geojson": "^7946.0.10",
        "point-in-polygon-hao": "^1.1.0",
        "tslib": "^2.8.1"
      },
      "funding": {
        "url": "https://opencollective.com/turf"
      }
    },
    "node_modules/@turf/boolean-point-on-line": {
      "version": "7.2.0",
      "resolved": "https://registry.npmjs.org/@turf/boolean-point-on-line/-/boolean-point-on-line-7.2.0.tgz",
      "integrity": "sha512-H/bXX8+2VYeSyH8JWrOsu8OGmeA9KVZfM7M6U5/fSqGsRHXo9MyYJ94k39A9kcKSwI0aWiMXVD2UFmiWy8423Q==",
      "license": "MIT",
      "dependencies": {
        "@turf/helpers": "^7.2.0",
        "@turf/invariant": "^7.2.0",
        "@types/geojson": "^7946.0.10",
        "tslib": "^2.8.1"
      },
      "funding": {
        "url": "https://opencollective.com/turf"
      }
    },
    "node_modules/@turf/boolean-within": {
      "version": "7.2.0",
      "resolved": "https://registry.npmjs.org/@turf/boolean-within/-/boolean-within-7.2.0.tgz",
      "integrity": "sha512-zB3AiF59zQZ27Dp1iyhp9mVAKOFHat8RDH45TZhLY8EaqdEPdmLGvwMFCKfLryQcUDQvmzP8xWbtUR82QM5C4g==",
      "license": "MIT",
      "dependencies": {
        "@turf/bbox": "^7.2.0",
        "@turf/boolean-point-in-polygon": "^7.2.0",
        "@turf/boolean-point-on-line": "^7.2.0",
        "@turf/helpers": "^7.2.0",
        "@turf/invariant": "^7.2.0",
        "@types/geojson": "^7946.0.10",
        "tslib": "^2.8.1"
      },
      "funding": {
        "url": "https://opencollective.com/turf"
      }
    },
    "node_modules/@turf/centroid": {
      "version": "7.2.0",
      "resolved": "https://registry.npmjs.org/@turf/centroid/-/centroid-7.2.0.tgz",
      "integrity": "sha512-yJqDSw25T7P48au5KjvYqbDVZ7qVnipziVfZ9aSo7P2/jTE7d4BP21w0/XLi3T/9bry/t9PR1GDDDQljN4KfDw==",
      "license": "MIT",
      "dependencies": {
        "@turf/helpers": "^7.2.0",
        "@turf/meta": "^7.2.0",
        "@types/geojson": "^7946.0.10",
        "tslib": "^2.8.1"
      },
      "funding": {
        "url": "https://opencollective.com/turf"
      }
    },
    "node_modules/@turf/clone": {
      "version": "7.2.0",
      "resolved": "https://registry.npmjs.org/@turf/clone/-/clone-7.2.0.tgz",
      "integrity": "sha512-JlGUT+/5qoU5jqZmf6NMFIoLDY3O7jKd53Up+zbpJ2vzUp6QdwdNzwrsCeONhynWM13F0MVtPXH4AtdkrgFk4g==",
      "license": "MIT",
      "dependencies": {
        "@turf/helpers": "^7.2.0",
        "@types/geojson": "^7946.0.10",
        "tslib": "^2.8.1"
      },
      "funding": {
        "url": "https://opencollective.com/turf"
      }
    },
    "node_modules/@turf/distance": {
      "version": "7.2.0",
      "resolved": "https://registry.npmjs.org/@turf/distance/-/distance-7.2.0.tgz",
      "integrity": "sha512-HBjjXIgEcD/wJYjv7/6OZj5yoky2oUvTtVeIAqO3lL80XRvoYmVg6vkOIu6NswkerwLDDNT9kl7+BFLJoHbh6Q==",
      "license": "MIT",
      "dependencies": {
        "@turf/helpers": "^7.2.0",
        "@turf/invariant": "^7.2.0",
        "@types/geojson": "^7946.0.10",
        "tslib": "^2.8.1"
      },
      "funding": {
        "url": "https://opencollective.com/turf"
      }
    },
    "node_modules/@turf/helpers": {
      "version": "7.2.0",
      "resolved": "https://registry.npmjs.org/@turf/helpers/-/helpers-7.2.0.tgz",
      "integrity": "sha512-cXo7bKNZoa7aC7ydLmUR02oB3IgDe7MxiPuRz3cCtYQHn+BJ6h1tihmamYDWWUlPHgSNF0i3ATc4WmDECZafKw==",
      "license": "MIT",
      "dependencies": {
        "@types/geojson": "^7946.0.10",
        "tslib": "^2.8.1"
      },
      "funding": {
        "url": "https://opencollective.com/turf"
      }
    },
    "node_modules/@turf/hex-grid": {
      "version": "7.2.0",
      "resolved": "https://registry.npmjs.org/@turf/hex-grid/-/hex-grid-7.2.0.tgz",
      "integrity": "sha512-Yo2yUGxrTCQfmcVsSjDt0G3Veg8YD26WRd7etVPD9eirNNgXrIyZkbYA7zVV/qLeRWVmYIKRXg1USWl7ORQOGA==",
      "license": "MIT",
      "dependencies": {
        "@turf/distance": "^7.2.0",
        "@turf/helpers": "^7.2.0",
        "@turf/intersect": "^7.2.0",
        "@turf/invariant": "^7.2.0",
        "@types/geojson": "^7946.0.10",
        "tslib": "^2.8.1"
      },
      "funding": {
        "url": "https://opencollective.com/turf"
      }
    },
    "node_modules/@turf/interpolate": {
      "version": "7.2.0",
      "resolved": "https://registry.npmjs.org/@turf/interpolate/-/interpolate-7.2.0.tgz",
      "integrity": "sha512-Ifgjm1SEo6XujuSAU6lpRMvoJ1SYTreil1Rf5WsaXj16BQJCedht/4FtWCTNhSWTwEz2motQ1WNrjTCuPG94xA==",
      "license": "MIT",
      "dependencies": {
        "@turf/bbox": "^7.2.0",
        "@turf/centroid": "^7.2.0",
        "@turf/clone": "^7.2.0",
        "@turf/distance": "^7.2.0",
        "@turf/helpers": "^7.2.0",
        "@turf/hex-grid": "^7.2.0",
        "@turf/invariant": "^7.2.0",
        "@turf/meta": "^7.2.0",
        "@turf/point-grid": "^7.2.0",
        "@turf/square-grid": "^7.2.0",
        "@turf/triangle-grid": "^7.2.0",
        "@types/geojson": "^7946.0.10"
      },
      "funding": {
        "url": "https://opencollective.com/turf"
      }
    },
    "node_modules/@turf/intersect": {
      "version": "7.2.0",
      "resolved": "https://registry.npmjs.org/@turf/intersect/-/intersect-7.2.0.tgz",
      "integrity": "sha512-81GMzKS9pKqLPa61qSlFxLFeAC8XbwyCQ9Qv4z6o5skWk1qmMUbEHeMqaGUTEzk+q2XyhZ0sju1FV4iLevQ/aw==",
      "license": "MIT",
      "dependencies": {
        "@turf/helpers": "^7.2.0",
        "@turf/meta": "^7.2.0",
        "@types/geojson": "^7946.0.10",
        "polyclip-ts": "^0.16.8",
        "tslib": "^2.8.1"
      },
      "funding": {
        "url": "https://opencollective.com/turf"
      }
    },
    "node_modules/@turf/invariant": {
      "version": "7.2.0",
      "resolved": "https://registry.npmjs.org/@turf/invariant/-/invariant-7.2.0.tgz",
      "integrity": "sha512-kV4u8e7Gkpq+kPbAKNC21CmyrXzlbBgFjO1PhrHPgEdNqXqDawoZ3i6ivE3ULJj2rSesCjduUaC/wyvH/sNr2Q==",
      "license": "MIT",
      "dependencies": {
        "@turf/helpers": "^7.2.0",
        "@types/geojson": "^7946.0.10",
        "tslib": "^2.8.1"
      },
      "funding": {
        "url": "https://opencollective.com/turf"
      }
    },
    "node_modules/@turf/line-intersect": {
      "version": "7.2.0",
      "resolved": "https://registry.npmjs.org/@turf/line-intersect/-/line-intersect-7.2.0.tgz",
      "integrity": "sha512-GhCJVEkc8EmggNi85EuVLoXF5T5jNVxmhIetwppiVyJzMrwkYAkZSYB3IBFYGUUB9qiNFnTwungVSsBV/S8ZiA==",
      "license": "MIT",
      "dependencies": {
        "@turf/helpers": "^7.2.0",
        "@types/geojson": "^7946.0.10",
        "sweepline-intersections": "^1.5.0",
        "tslib": "^2.8.1"
      },
      "funding": {
        "url": "https://opencollective.com/turf"
      }
    },
    "node_modules/@turf/meta": {
      "version": "7.2.0",
      "resolved": "https://registry.npmjs.org/@turf/meta/-/meta-7.2.0.tgz",
      "integrity": "sha512-igzTdHsQc8TV1RhPuOLVo74Px/hyPrVgVOTgjWQZzt3J9BVseCdpfY/0cJBdlSRI4S/yTmmHl7gAqjhpYH5Yaw==",
      "license": "MIT",
      "dependencies": {
        "@turf/helpers": "^7.2.0",
        "@types/geojson": "^7946.0.10"
      },
      "funding": {
        "url": "https://opencollective.com/turf"
      }
    },
    "node_modules/@turf/point-grid": {
      "version": "7.2.0",
      "resolved": "https://registry.npmjs.org/@turf/point-grid/-/point-grid-7.2.0.tgz",
      "integrity": "sha512-ai7lwBV2FREPW3XiUNohT4opC1hd6+F56qZe20xYhCTkTD9diWjXHiNudQPSmVAUjgMzQGasblQQqvOdL+bJ3Q==",
      "license": "MIT",
      "dependencies": {
        "@turf/boolean-within": "^7.2.0",
        "@turf/distance": "^7.2.0",
        "@turf/helpers": "^7.2.0",
        "@turf/invariant": "^7.2.0",
        "@types/geojson": "^7946.0.10",
        "tslib": "^2.8.1"
      },
      "funding": {
        "url": "https://opencollective.com/turf"
      }
    },
    "node_modules/@turf/polygon-to-line": {
      "version": "7.2.0",
      "resolved": "https://registry.npmjs.org/@turf/polygon-to-line/-/polygon-to-line-7.2.0.tgz",
      "integrity": "sha512-9jeTN3LiJ933I5sd4K0kwkcivOYXXm1emk0dHorwXeSFSHF+nlYesEW3Hd889wb9lZd7/SVLMUeX/h39mX+vCA==",
      "license": "MIT",
      "dependencies": {
        "@turf/helpers": "^7.2.0",
        "@turf/invariant": "^7.2.0",
        "@types/geojson": "^7946.0.10",
        "tslib": "^2.8.1"
      },
      "funding": {
        "url": "https://opencollective.com/turf"
      }
    },
    "node_modules/@turf/rectangle-grid": {
      "version": "7.2.0",
      "resolved": "https://registry.npmjs.org/@turf/rectangle-grid/-/rectangle-grid-7.2.0.tgz",
      "integrity": "sha512-f0o5ifvy0Ml/nHDJzMNcuSk4h11aa3BfvQNnYQhLpuTQu03j/ICZNlzKTLxwjcUqvxADUifty7Z9CX5W6zky4A==",
      "license": "MIT",
      "dependencies": {
        "@turf/boolean-intersects": "^7.2.0",
        "@turf/distance": "^7.2.0",
        "@turf/helpers": "^7.2.0",
        "@types/geojson": "^7946.0.10",
        "tslib": "^2.8.1"
      },
      "funding": {
        "url": "https://opencollective.com/turf"
      }
    },
    "node_modules/@turf/square-grid": {
      "version": "7.2.0",
      "resolved": "https://registry.npmjs.org/@turf/square-grid/-/square-grid-7.2.0.tgz",
      "integrity": "sha512-EmzGXa90hz+tiCOs9wX+Lak6pH0Vghb7QuX6KZej+pmWi3Yz7vdvQLmy/wuN048+wSkD5c8WUo/kTeNDe7GnmA==",
      "license": "MIT",
      "dependencies": {
        "@turf/helpers": "^7.2.0",
        "@turf/rectangle-grid": "^7.2.0",
        "@types/geojson": "^7946.0.10",
        "tslib": "^2.8.1"
      },
      "funding": {
        "url": "https://opencollective.com/turf"
      }
    },
    "node_modules/@turf/triangle-grid": {
      "version": "7.2.0",
      "resolved": "https://registry.npmjs.org/@turf/triangle-grid/-/triangle-grid-7.2.0.tgz",
      "integrity": "sha512-4gcAqWKh9hg6PC5nNSb9VWyLgl821cwf9yR9yEzQhEFfwYL/pZONBWCO1cwVF23vSYMSMm+/TwqxH4emxaArfw==",
      "license": "MIT",
      "dependencies": {
        "@turf/distance": "^7.2.0",
        "@turf/helpers": "^7.2.0",
        "@turf/intersect": "^7.2.0",
        "@types/geojson": "^7946.0.10",
        "tslib": "^2.8.1"
      },
      "funding": {
        "url": "https://opencollective.com/turf"
      }
    },
    "node_modules/@types/geojson": {
      "version": "7946.0.16",
      "resolved": "https://registry.npmjs.org/@types/geojson/-/geojson-7946.0.16.tgz",
      "integrity": "sha512-6C8nqWur3j98U6+lXDfTUWIfgvZU+EumvpHKcYjujKH7woYyLj2sUmff0tRhrqM7BohUw7Pz3ZB1jj2gW9Fvmg==",
      "license": "MIT"
    },
    "node_modules/bignumber.js": {
      "version": "9.3.0",
      "resolved": "https://registry.npmjs.org/bignumber.js/-/bignumber.js-9.3.0.tgz",
      "integrity": "sha512-EM7aMFTXbptt/wZdMlBv2t8IViwQL+h6SLHosp8Yf0dqJMTnY6iL32opnAB6kAdL0SZPuvcAzFr31o0c/R3/RA==",
      "license": "MIT",
      "engines": {
        "node": "*"
      }
    },
    "node_modules/ngeohash": {
      "version": "0.6.3",
      "resolved": "https://registry.npmjs.org/ngeohash/-/ngeohash-0.6.3.tgz",
      "integrity": "sha512-kltF0cOxgx1AbmVzKxYZaoB0aj7mOxZeHaerEtQV0YaqnkXNq26WWqMmJ6lTqShYxVRWZ/mwvvTrNeOwdslWiw==",
      "license": "MIT",
      "engines": {
        "node": ">=v0.2.0"
      }
    },
    "node_modules/point-in-polygon-hao": {
      "version": "1.2.4",
      "resolved": "https://registry.npmjs.org/point-in-polygon-hao/-/point-in-polygon-hao-1.2.4.tgz",
      "integrity": "sha512-x2pcvXeqhRHlNRdhLs/tgFapAbSSe86wa/eqmj1G6pWftbEs5aVRJhRGM6FYSUERKu0PjekJzMq0gsI2XyiclQ==",
      "license": "MIT",
      "dependencies": {
        "robust-predicates": "^3.0.2"
      }
    },
    "node_modules/polyclip-ts": {
      "version": "0.16.8",
      "resolved": "https://registry.npmjs.org/polyclip-ts/-/polyclip-ts-0.16.8.tgz",
      "integrity": "sha512-JPtKbDRuPEuAjuTdhR62Gph7Is2BS1Szx69CFOO3g71lpJDFo78k4tFyi+qFOMVPePEzdSKkpGU3NBXPHHjvKQ==",
      "license": "MIT",
      "dependencies": {
        "bignumber.js": "^9.1.0",
        "splaytree-ts": "^1.0.2"
      }
    },
    "node_modules/robust-predicates": {
      "version": "3.0.2",
      "resolved": "https://registry.npmjs.org/robust-predicates/-/robust-predicates-3.0.2.tgz",
      "integrity": "sha512-IXgzBWvWQwE6PrDI05OvmXUIruQTcoMDzRsOd5CDvHCVLcLHMTSYvOK5Cm46kWqlV3yAbuSpBZdJ5oP5OUoStg==",
      "license": "Unlicense"
    },
    "node_modules/splaytree-ts": {
      "version": "1.0.2",
      "resolved": "https://registry.npmjs.org/splaytree-ts/-/splaytree-ts-1.0.2.tgz",
      "integrity": "sha512-0kGecIZNIReCSiznK3uheYB8sbstLjCZLiwcQwbmLhgHJj2gz6OnSPkVzJQCMnmEz1BQ4gPK59ylhBoEWOhGNA==",
      "license": "BDS-3-Clause"
    },
    "node_modules/sweepline-intersections": {
      "version": "1.5.0",
      "resolved": "https://registry.npmjs.org/sweepline-intersections/-/sweepline-intersections-1.5.0.tgz",
      "integrity": "sha512-AoVmx72QHpKtItPu72TzFL+kcYjd67BPLDoR0LarIk+xyaRg+pDTMFXndIEvZf9xEKnJv6JdhgRMnocoG0D3AQ==",
      "license": "MIT",
      "dependencies": {
        "tinyqueue": "^2.0.0"
      }
    },
    "node_modules/tinyqueue": {
      "version": "2.0.3",
      "resolved": "https://registry.npmjs.org/tinyqueue/-/tinyqueue-2.0.3.tgz",
      "integrity": "sha512-ppJZNDuKGgxzkHihX8v9v9G5f+18gzaTfrukGrq6ueg0lmH4nqVnA2IPG0AEH3jKEk2GRJCUhDoqpoiw3PHLBA==",
      "license": "ISC"
    },
    "node_modules/tslib": {
      "version": "2.8.1",
      "resolved": "https://registry.npmjs.org/tslib/-/tslib-2.8.1.tgz",
      "integrity": "sha512-oJFu94HQb+KVduSUQL7wnpmqnfmLsOA/nAh6b6EH0wCEoK0/mPeXU6c3wKDV83MkOuHPRHtSXKKU99IBazS/2w==",
      "license": "0BSD"
    }
  }
}
